
Microsoft Visual Studio Solution File, Format Version 12.00
# Visual Studio 14
VisualStudioVersion = 14.0.23107.0
MinimumVisualStudioVersion = 10.0.40219.1
Project("{2150E333-8FDC-42A3-9474-1A3956D46DE8}") = "src", "src", "{94EA9B22-5668-46AE-B2EE-7A418B62A9DE}"
EndProject
Project("{2150E333-8FDC-42A3-9474-1A3956D46DE8}") = "Solution Items", "Solution Items", "{80E33798-AD4C-4AC3-A395-93CE0A3DD3CE}"
	ProjectSection(SolutionItems) = preProject
		global.json = global.json
	EndProjectSection
EndProject
Project("{8BB2217D-0F2D-49D1-97BC-3654ED321F3B}") = "Hapgo.Entity.Domain", "src\Hapgo.Entity\Hapgo.Entity.Domain\Hapgo.Entity.Domain.xproj", "{EED9D2F3-5E38-4391-BE30-9B6D6F3E9F81}"
EndProject
Project("{8BB2217D-0F2D-49D1-97BC-3654ED321F3B}") = "Hapgo.Entity.Data", "src\Hapgo.Entity\Hapgo.Entity.Data\Hapgo.Entity.Data.xproj", "{88D37F2D-0069-4FDB-8445-F71E47DD3599}"
EndProject
Project("{8BB2217D-0F2D-49D1-97BC-3654ED321F3B}") = "Hapgo.Entity.Repo", "src\Hapgo.Entity\Hapgo.Entity.Repo\Hapgo.Entity.Repo.xproj", "{F1DF6A1D-402D-4BA3-B1B1-54814B2A237A}"
EndProject
Project("{8BB2217D-0F2D-49D1-97BC-3654ED321F3B}") = "Hapgo.Services.BackEnd", "src\Hapgo.Service\Hapgo.Services.BackEnd\Hapgo.Services.BackEnd.xproj", "{2FDE0B91-0D18-4B03-99A5-FDF593BA15FB}"
EndProject
Project("{8BB2217D-0F2D-49D1-97BC-3654ED321F3B}") = "Hapgo.Service.FrontEnd", "src\Hapgo.Service\Hapgo.Service.FrontEnd\Hapgo.Service.FrontEnd.xproj", "{23CDE437-B31B-4AB9-9EFD-3F83D1807267}"
EndProject
Project("{8BB2217D-0F2D-49D1-97BC-3654ED321F3B}") = "Hapgo.Service.Handler", "src\Hapgo.Service\Hapgo.Service.Handler\Hapgo.Service.Handler.xproj", "{1A9DD5BD-8949-4915-9060-BFAB1FC1C409}"
EndProject
Project("{8BB2217D-0F2D-49D1-97BC-3654ED321F3B}") = "Hapgo.BC.BackEnd", "src\Hapgo.Business\Hapgo.BC.BackEnd\Hapgo.BC.BackEnd.xproj", "{CE429D5C-D66D-433D-B830-C3D03F77A68B}"
EndProject
Project("{8BB2217D-0F2D-49D1-97BC-3654ED321F3B}") = "Hapgo.BC.FrontEnd", "src\Hapgo.Business\Hapgo.BC.FrontEnd\Hapgo.BC.FrontEnd.xproj", "{8BB80AA2-EA57-4251-BA38-F6E1FF67ABFC}"
EndProject
Project("{8BB2217D-0F2D-49D1-97BC-3654ED321F3B}") = "Hapgo.Models.FrontEnd", "src\Hapgo.DTO\Hapgo.Models.FrontEnd\Hapgo.Models.FrontEnd.xproj", "{1498FA65-77ED-4E2E-AAFD-C4050DC43656}"
EndProject
Project("{8BB2217D-0F2D-49D1-97BC-3654ED321F3B}") = "Hapgo.Models.BackEnd", "src\Hapgo.DTO\Hapgo.Models.BackEnd\Hapgo.Models.BackEnd.xproj", "{22AEB3E6-0762-40DE-A58B-97EF30A6CA70}"
EndProject
Project("{8BB2217D-0F2D-49D1-97BC-3654ED321F3B}") = "Hapgo.Web.Api", "src\Hapgo.Web.Api\Hapgo.Web.Api.xproj", "{65D1EC97-2499-4AB3-A3AF-14BAD419F8B8}"
EndProject
Project("{8BB2217D-0F2D-49D1-97BC-3654ED321F3B}") = "Hapgo.Factory", "src\Hapgo.Factory\Hapgo.Factory.xproj", "{DEA9D903-339A-4C63-879B-67C161D24DF0}"
EndProject
Project("{8BB2217D-0F2D-49D1-97BC-3654ED321F3B}") = "Hapgo.Web.Main", "src\Hapgo.Web.Main\Hapgo.Web.Main.xproj", "{736D2E5A-A911-4A44-AB93-9C95D0935525}"
EndProject
Global
	GlobalSection(SolutionConfigurationPlatforms) = preSolution
		Debug|Any CPU = Debug|Any CPU
		Release|Any CPU = Release|Any CPU
	EndGlobalSection
	GlobalSection(ProjectConfigurationPlatforms) = postSolution
		{EED9D2F3-5E38-4391-BE30-9B6D6F3E9F81}.Debug|Any CPU.ActiveCfg = Debug|Any CPU
		{EED9D2F3-5E38-4391-BE30-9B6D6F3E9F81}.Debug|Any CPU.Build.0 = Debug|Any CPU
		{EED9D2F3-5E38-4391-BE30-9B6D6F3E9F81}.Release|Any CPU.ActiveCfg = Release|Any CPU
		{EED9D2F3-5E38-4391-BE30-9B6D6F3E9F81}.Release|Any CPU.Build.0 = Release|Any CPU
		{88D37F2D-0069-4FDB-8445-F71E47DD3599}.Debug|Any CPU.ActiveCfg = Debug|Any CPU
		{88D37F2D-0069-4FDB-8445-F71E47DD3599}.Debug|Any CPU.Build.0 = Debug|Any CPU
		{88D37F2D-0069-4FDB-8445-F71E47DD3599}.Release|Any CPU.ActiveCfg = Release|Any CPU
		{88D37F2D-0069-4FDB-8445-F71E47DD3599}.Release|Any CPU.Build.0 = Release|Any CPU
		{F1DF6A1D-402D-4BA3-B1B1-54814B2A237A}.Debug|Any CPU.ActiveCfg = Debug|Any CPU
		{F1DF6A1D-402D-4BA3-B1B1-54814B2A237A}.Debug|Any CPU.Build.0 = Debug|Any CPU
		{F1DF6A1D-402D-4BA3-B1B1-54814B2A237A}.Release|Any CPU.ActiveCfg = Release|Any CPU
		{F1DF6A1D-402D-4BA3-B1B1-54814B2A237A}.Release|Any CPU.Build.0 = Release|Any CPU
		{2FDE0B91-0D18-4B03-99A5-FDF593BA15FB}.Debug|Any CPU.ActiveCfg = Debug|Any CPU
		{2FDE0B91-0D18-4B03-99A5-FDF593BA15FB}.Debug|Any CPU.Build.0 = Debug|Any CPU
		{2FDE0B91-0D18-4B03-99A5-FDF593BA15FB}.Release|Any CPU.ActiveCfg = Release|Any CPU
		{2FDE0B91-0D18-4B03-99A5-FDF593BA15FB}.Release|Any CPU.Build.0 = Release|Any CPU
		{23CDE437-B31B-4AB9-9EFD-3F83D1807267}.Debug|Any CPU.ActiveCfg = Debug|Any CPU
		{23CDE437-B31B-4AB9-9EFD-3F83D1807267}.Debug|Any CPU.Build.0 = Debug|Any CPU
		{23CDE437-B31B-4AB9-9EFD-3F83D1807267}.Release|Any CPU.ActiveCfg = Release|Any CPU
		{23CDE437-B31B-4AB9-9EFD-3F83D1807267}.Release|Any CPU.Build.0 = Release|Any CPU
		{1A9DD5BD-8949-4915-9060-BFAB1FC1C409}.Debug|Any CPU.ActiveCfg = Debug|Any CPU
		{1A9DD5BD-8949-4915-9060-BFAB1FC1C409}.Debug|Any CPU.Build.0 = Debug|Any CPU
		{1A9DD5BD-8949-4915-9060-BFAB1FC1C409}.Release|Any CPU.ActiveCfg = Release|Any CPU
		{1A9DD5BD-8949-4915-9060-BFAB1FC1C409}.Release|Any CPU.Build.0 = Release|Any CPU
		{CE429D5C-D66D-433D-B830-C3D03F77A68B}.Debug|Any CPU.ActiveCfg = Debug|Any CPU
		{CE429D5C-D66D-433D-B830-C3D03F77A68B}.Debug|Any CPU.Build.0 = Debug|Any CPU
		{CE429D5C-D66D-433D-B830-C3D03F77A68B}.Release|Any CPU.ActiveCfg = Release|Any CPU
		{CE429D5C-D66D-433D-B830-C3D03F77A68B}.Release|Any CPU.Build.0 = Release|Any CPU
		{8BB80AA2-EA57-4251-BA38-F6E1FF67ABFC}.Debug|Any CPU.ActiveCfg = Debug|Any CPU
		{8BB80AA2-EA57-4251-BA38-F6E1FF67ABFC}.Debug|Any CPU.Build.0 = Debug|Any CPU
		{8BB80AA2-EA57-4251-BA38-F6E1FF67ABFC}.Release|Any CPU.ActiveCfg = Release|Any CPU
		{8BB80AA2-EA57-4251-BA38-F6E1FF67ABFC}.Release|Any CPU.Build.0 = Release|Any CPU
		{1498FA65-77ED-4E2E-AAFD-C4050DC43656}.Debug|Any CPU.ActiveCfg = Debug|Any CPU
		{1498FA65-77ED-4E2E-AAFD-C4050DC43656}.Debug|Any CPU.Build.0 = Debug|Any CPU
		{1498FA65-77ED-4E2E-AAFD-C4050DC43656}.Release|Any CPU.ActiveCfg = Release|Any CPU
		{1498FA65-77ED-4E2E-AAFD-C4050DC43656}.Release|Any CPU.Build.0 = Release|Any CPU
		{22AEB3E6-0762-40DE-A58B-97EF30A6CA70}.Debug|Any CPU.ActiveCfg = Debug|Any CPU
		{22AEB3E6-0762-40DE-A58B-97EF30A6CA70}.Debug|Any CPU.Build.0 = Debug|Any CPU
		{22AEB3E6-0762-40DE-A58B-97EF30A6CA70}.Release|Any CPU.ActiveCfg = Release|Any CPU
		{22AEB3E6-0762-40DE-A58B-97EF30A6CA70}.Release|Any CPU.Build.0 = Release|Any CPU
		{65D1EC97-2499-4AB3-A3AF-14BAD419F8B8}.Debug|Any CPU.ActiveCfg = Debug|Any CPU
		{65D1EC97-2499-4AB3-A3AF-14BAD419F8B8}.Debug|Any CPU.Build.0 = Debug|Any CPU
		{65D1EC97-2499-4AB3-A3AF-14BAD419F8B8}.Release|Any CPU.ActiveCfg = Release|Any CPU
		{65D1EC97-2499-4AB3-A3AF-14BAD419F8B8}.Release|Any CPU.Build.0 = Release|Any CPU
		{DEA9D903-339A-4C63-879B-67C161D24DF0}.Debug|Any CPU.ActiveCfg = Debug|Any CPU
		{DEA9D903-339A-4C63-879B-67C161D24DF0}.Debug|Any CPU.Build.0 = Debug|Any CPU
		{DEA9D903-339A-4C63-879B-67C161D24DF0}.Release|Any CPU.ActiveCfg = Release|Any CPU
		{DEA9D903-339A-4C63-879B-67C161D24DF0}.Release|Any CPU.Build.0 = Release|Any CPU
		{736D2E5A-A911-4A44-AB93-9C95D0935525}.Debug|Any CPU.ActiveCfg = Debug|Any CPU
		{736D2E5A-A911-4A44-AB93-9C95D0935525}.Debug|Any CPU.Build.0 = Debug|Any CPU
		{736D2E5A-A911-4A44-AB93-9C95D0935525}.Release|Any CPU.ActiveCfg = Release|Any CPU
		{736D2E5A-A911-4A44-AB93-9C95D0935525}.Release|Any CPU.Build.0 = Release|Any CPU
	EndGlobalSection
	GlobalSection(SolutionProperties) = preSolution
		HideSolutionNode = FALSE
	EndGlobalSection
	GlobalSection(NestedProjects) = preSolution
		{EED9D2F3-5E38-4391-BE30-9B6D6F3E9F81} = {94EA9B22-5668-46AE-B2EE-7A418B62A9DE}
		{88D37F2D-0069-4FDB-8445-F71E47DD3599} = {94EA9B22-5668-46AE-B2EE-7A418B62A9DE}
		{F1DF6A1D-402D-4BA3-B1B1-54814B2A237A} = {94EA9B22-5668-46AE-B2EE-7A418B62A9DE}
		{2FDE0B91-0D18-4B03-99A5-FDF593BA15FB} = {94EA9B22-5668-46AE-B2EE-7A418B62A9DE}
		{23CDE437-B31B-4AB9-9EFD-3F83D1807267} = {94EA9B22-5668-46AE-B2EE-7A418B62A9DE}
		{1A9DD5BD-8949-4915-9060-BFAB1FC1C409} = {94EA9B22-5668-46AE-B2EE-7A418B62A9DE}
		{CE429D5C-D66D-433D-B830-C3D03F77A68B} = {94EA9B22-5668-46AE-B2EE-7A418B62A9DE}
		{8BB80AA2-EA57-4251-BA38-F6E1FF67ABFC} = {94EA9B22-5668-46AE-B2EE-7A418B62A9DE}
		{1498FA65-77ED-4E2E-AAFD-C4050DC43656} = {94EA9B22-5668-46AE-B2EE-7A418B62A9DE}
		{22AEB3E6-0762-40DE-A58B-97EF30A6CA70} = {94EA9B22-5668-46AE-B2EE-7A418B62A9DE}
		{65D1EC97-2499-4AB3-A3AF-14BAD419F8B8} = {94EA9B22-5668-46AE-B2EE-7A418B62A9DE}
		{DEA9D903-339A-4C63-879B-67C161D24DF0} = {94EA9B22-5668-46AE-B2EE-7A418B62A9DE}
		{736D2E5A-A911-4A44-AB93-9C95D0935525} = {94EA9B22-5668-46AE-B2EE-7A418B62A9DE}
	EndGlobalSection
EndGlobal
